
Microsoft Visual Studio Solution File, Format Version 12.00
# Visual Studio Version 16
VisualStudioVersion = 16.0.31729.503
MinimumVisualStudioVersion = 10.0.40219.1
Project("{FAE04EC0-301F-11D3-BF4B-00C04F79EFBC}") = "Promt.Detokenize", "Promt.Detokenize\Promt.Detokenize.csproj", "{769F5858-F716-4029-A8E4-CBED228E1AD6}"
EndProject
Project("{FAE04EC0-301F-11D3-BF4B-00C04F79EFBC}") = "Promt.Tests", "Promt.Tests\Promt.Tests.csproj", "{6149965A-601A-4795-99BE-0467045EC326}"
EndProject
Global
	GlobalSection(SolutionConfigurationPlatforms) = preSolution
		Debug|Any CPU = Debug|Any CPU
		Release|Any CPU = Release|Any CPU
	EndGlobalSection
	GlobalSection(ProjectConfigurationPlatforms) = postSolution
		{769F5858-F716-4029-A8E4-CBED228E1AD6}.Debug|Any CPU.ActiveCfg = Debug|Any CPU
		{769F5858-F716-4029-A8E4-CBED228E1AD6}.Debug|Any CPU.Build.0 = Debug|Any CPU
		{769F5858-F716-4029-A8E4-CBED228E1AD6}.Release|Any CPU.ActiveCfg = Release|Any CPU
		{769F5858-F716-4029-A8E4-CBED228E1AD6}.Release|Any CPU.Build.0 = Release|Any CPU
		{6149965A-601A-4795-99BE-0467045EC326}.Debug|Any CPU.ActiveCfg = Debug|Any CPU
		{6149965A-601A-4795-99BE-0467045EC326}.Debug|Any CPU.Build.0 = Debug|Any CPU
		{6149965A-601A-4795-99BE-0467045EC326}.Release|Any CPU.ActiveCfg = Release|Any CPU
		{6149965A-601A-4795-99BE-0467045EC326}.Release|Any CPU.Build.0 = Release|Any CPU
	EndGlobalSection
	GlobalSection(SolutionProperties) = preSolution
		HideSolutionNode = FALSE
	EndGlobalSection
	GlobalSection(ExtensibilityGlobals) = postSolution
		SolutionGuid = {4793B7F6-BCD0-4CBF-9D1E-26175DD3288A}
	EndGlobalSection
EndGlobal
